{
  "originHash" : "de6155c766433f5f2208b665de13fac19772cbc81a09284fd10682f7b12ab79a",
  "pins" : [
    {
      "identity" : "ap-ssp-sdk-ios-spm-objc",
      "kind" : "remoteSourceControl",
      "location" : "https://github.com/IGAWorksDev/ap-ssp-sdk-ios-spm-objc",
      "state" : {
        "revision" : "eb6705e5edaaaca771e8fc7707b60bde007d3697",
        "version" : "2.10.6"
      }
    }
  ],
  "version" : 3
}
