{
  "originHash" : "adc8179d2d7586fe5dc230d7e4e36e16183f333ae5d0490e18a45fe5c1e7eff1",
  "pins" : [
    {
      "identity" : "ap-ssp-sdk-ios-spm-objc",
      "kind" : "remoteSourceControl",
      "location" : "https://github.com/IGAWorksDev/ap-ssp-sdk-ios-spm-objc",
      "state" : {
        "revision" : "cecdfd3abe291c2c23519ab79bea4856ead503fe",
        "version" : "2.11.2"
      }
    }
  ],
  "version" : 3
}
